
Microsoft Visual Studio Solution File, Format Version 12.00
# Visual Studio Version 17
VisualStudioVersion = 17.4.33213.308
MinimumVisualStudioVersion = 10.0.40219.1
Project("{FAE04EC0-301F-11D3-BF4B-00C04F79EFBC}") = "sampleapp22", "sampleapp22\sampleapp22.csproj", "{AC9BFFB3-A6CA-49BE-B49A-FE6C31C4C070}"
EndProject
Global
	GlobalSection(SolutionConfigurationPlatforms) = preSolution
		Debug|Any CPU = Debug|Any CPU
		Release|Any CPU = Release|Any CPU
	EndGlobalSection
	GlobalSection(ProjectConfigurationPlatforms) = postSolution
		{AC9BFFB3-A6CA-49BE-B49A-FE6C31C4C070}.Debug|Any CPU.ActiveCfg = Debug|Any CPU
		{AC9BFFB3-A6CA-49BE-B49A-FE6C31C4C070}.Debug|Any CPU.Build.0 = Debug|Any CPU
		{AC9BFFB3-A6CA-49BE-B49A-FE6C31C4C070}.Release|Any CPU.ActiveCfg = Release|Any CPU
		{AC9BFFB3-A6CA-49BE-B49A-FE6C31C4C070}.Release|Any CPU.Build.0 = Release|Any CPU
	EndGlobalSection
	GlobalSection(SolutionProperties) = preSolution
		HideSolutionNode = FALSE
	EndGlobalSection
	GlobalSection(ExtensibilityGlobals) = postSolution
		SolutionGuid = {9320877D-0895-415F-92BB-6C882BBA19AE}
	EndGlobalSection
EndGlobal
