
Microsoft Visual Studio Solution File, Format Version 12.00
# Visual Studio Version 17
VisualStudioVersion = 17.4.33213.308
MinimumVisualStudioVersion = 10.0.40219.1
Project("{FAE04EC0-301F-11D3-BF4B-00C04F79EFBC}") = "webapp1", "webapp1\webapp1.csproj", "{8297E6E2-D947-4893-9CBF-1B7C40275B1A}"
EndProject
Project("{FAE04EC0-301F-11D3-BF4B-00C04F79EFBC}") = "WebApplication1", "WebApplication1\WebApplication1.csproj", "{D79FCB2C-74D3-4244-A145-044D91F3320A}"
EndProject
Global
	GlobalSection(SolutionConfigurationPlatforms) = preSolution
		Debug|Any CPU = Debug|Any CPU
		Release|Any CPU = Release|Any CPU
	EndGlobalSection
	GlobalSection(ProjectConfigurationPlatforms) = postSolution
		{8297E6E2-D947-4893-9CBF-1B7C40275B1A}.Debug|Any CPU.ActiveCfg = Debug|Any CPU
		{8297E6E2-D947-4893-9CBF-1B7C40275B1A}.Debug|Any CPU.Build.0 = Debug|Any CPU
		{8297E6E2-D947-4893-9CBF-1B7C40275B1A}.Release|Any CPU.ActiveCfg = Release|Any CPU
		{8297E6E2-D947-4893-9CBF-1B7C40275B1A}.Release|Any CPU.Build.0 = Release|Any CPU
		{D79FCB2C-74D3-4244-A145-044D91F3320A}.Debug|Any CPU.ActiveCfg = Debug|Any CPU
		{D79FCB2C-74D3-4244-A145-044D91F3320A}.Debug|Any CPU.Build.0 = Debug|Any CPU
		{D79FCB2C-74D3-4244-A145-044D91F3320A}.Release|Any CPU.ActiveCfg = Release|Any CPU
		{D79FCB2C-74D3-4244-A145-044D91F3320A}.Release|Any CPU.Build.0 = Release|Any CPU
	EndGlobalSection
	GlobalSection(SolutionProperties) = preSolution
		HideSolutionNode = FALSE
	EndGlobalSection
	GlobalSection(ExtensibilityGlobals) = postSolution
		SolutionGuid = {4757F9A3-A0E4-4E5B-B16A-B88362FA6F98}
	EndGlobalSection
EndGlobal
